
Microsoft Visual Studio Solution File, Format Version 12.00
# Visual Studio Version 17
VisualStudioVersion = 17.3.32929.385
MinimumVisualStudioVersion = 10.0.40219.1
Project("{FAE04EC0-301F-11D3-BF4B-00C04F79EFBC}") = "MyRectagle1.Server", "Server\MyRectagle1.Server.csproj", "{572F00B0-E035-4552-AA10-D036463BA0D1}"
EndProject
Project("{FAE04EC0-301F-11D3-BF4B-00C04F79EFBC}") = "MyRectagle1.Client", "Client\MyRectagle1.Client.csproj", "{B6C8827C-C6D9-47B1-A447-AB07A4E8678F}"
EndProject
Project("{FAE04EC0-301F-11D3-BF4B-00C04F79EFBC}") = "MyRectagle1.Shared", "Shared\MyRectagle1.Shared.csproj", "{4D3A05AA-8BE7-4674-9A52-05C332319A4B}"
EndProject
Global
	GlobalSection(SolutionConfigurationPlatforms) = preSolution
		Debug|Any CPU = Debug|Any CPU
		Release|Any CPU = Release|Any CPU
	EndGlobalSection
	GlobalSection(ProjectConfigurationPlatforms) = postSolution
		{572F00B0-E035-4552-AA10-D036463BA0D1}.Debug|Any CPU.ActiveCfg = Debug|Any CPU
		{572F00B0-E035-4552-AA10-D036463BA0D1}.Debug|Any CPU.Build.0 = Debug|Any CPU
		{572F00B0-E035-4552-AA10-D036463BA0D1}.Release|Any CPU.ActiveCfg = Release|Any CPU
		{572F00B0-E035-4552-AA10-D036463BA0D1}.Release|Any CPU.Build.0 = Release|Any CPU
		{B6C8827C-C6D9-47B1-A447-AB07A4E8678F}.Debug|Any CPU.ActiveCfg = Debug|Any CPU
		{B6C8827C-C6D9-47B1-A447-AB07A4E8678F}.Debug|Any CPU.Build.0 = Debug|Any CPU
		{B6C8827C-C6D9-47B1-A447-AB07A4E8678F}.Release|Any CPU.ActiveCfg = Release|Any CPU
		{B6C8827C-C6D9-47B1-A447-AB07A4E8678F}.Release|Any CPU.Build.0 = Release|Any CPU
		{4D3A05AA-8BE7-4674-9A52-05C332319A4B}.Debug|Any CPU.ActiveCfg = Debug|Any CPU
		{4D3A05AA-8BE7-4674-9A52-05C332319A4B}.Debug|Any CPU.Build.0 = Debug|Any CPU
		{4D3A05AA-8BE7-4674-9A52-05C332319A4B}.Release|Any CPU.ActiveCfg = Release|Any CPU
		{4D3A05AA-8BE7-4674-9A52-05C332319A4B}.Release|Any CPU.Build.0 = Release|Any CPU
	EndGlobalSection
	GlobalSection(SolutionProperties) = preSolution
		HideSolutionNode = FALSE
	EndGlobalSection
	GlobalSection(ExtensibilityGlobals) = postSolution
		SolutionGuid = {057E21E8-9A10-4D7A-8F90-9C69FD87FB9D}
	EndGlobalSection
EndGlobal
